{
	"name": "redux-graphql",
	"version": "0.0.0",
	"lockfileVersion": 1,
	"requires": true,
	"dependencies": {
		"graphql-object": {
			"version": "1.0.2",
			"resolved": "https://registry.npmjs.org/graphql-object/-/graphql-object-1.0.2.tgz",
			"integrity": "sha512-1iwCbgsMzm95XE53mVZBzgHSpBIqvvjz1yCaUrE40GlBLGSMm/b114UXtwJeb99gqkEyVUMgYEZhYkcgKPy1/w=="
		}
	}
}
